
Microsoft Visual Studio Solution File, Format Version 12.00
# TcXaeShell Solution File, Format Version 11.00
VisualStudioVersion = 15.0.28307.1300
MinimumVisualStudioVersion = 10.0.40219.1
Project("{B1E792BE-AA5F-4E3C-8C82-674BF9C0715B}") = "lcls-plc-example-demo", "lcls-plc-example-demo.tsproj", "{3FE721B2-1008-48AE-9A0C-879DA403679F}"
EndProject
Global
	GlobalSection(SolutionConfigurationPlatforms) = preSolution
		Debug|TwinCAT CE7 (ARMV7) = Debug|TwinCAT CE7 (ARMV7)
		Debug|TwinCAT OS (ARMT2) = Debug|TwinCAT OS (ARMT2)
		Debug|TwinCAT RT (x64) = Debug|TwinCAT RT (x64)
		Debug|TwinCAT RT (x86) = Debug|TwinCAT RT (x86)
		Release|TwinCAT CE7 (ARMV7) = Release|TwinCAT CE7 (ARMV7)
		Release|TwinCAT OS (ARMT2) = Release|TwinCAT OS (ARMT2)
		Release|TwinCAT RT (x64) = Release|TwinCAT RT (x64)
		Release|TwinCAT RT (x86) = Release|TwinCAT RT (x86)
	EndGlobalSection
	GlobalSection(ProjectConfigurationPlatforms) = postSolution
		{3FE721B2-1008-48AE-9A0C-879DA403679F}.Debug|TwinCAT CE7 (ARMV7).ActiveCfg = Debug|TwinCAT CE7 (ARMV7)
		{3FE721B2-1008-48AE-9A0C-879DA403679F}.Debug|TwinCAT CE7 (ARMV7).Build.0 = Debug|TwinCAT CE7 (ARMV7)
		{3FE721B2-1008-48AE-9A0C-879DA403679F}.Debug|TwinCAT OS (ARMT2).ActiveCfg = Debug|TwinCAT OS (ARMT2)
		{3FE721B2-1008-48AE-9A0C-879DA403679F}.Debug|TwinCAT OS (ARMT2).Build.0 = Debug|TwinCAT OS (ARMT2)
		{3FE721B2-1008-48AE-9A0C-879DA403679F}.Debug|TwinCAT RT (x64).ActiveCfg = Debug|TwinCAT RT (x64)
		{3FE721B2-1008-48AE-9A0C-879DA403679F}.Debug|TwinCAT RT (x64).Build.0 = Debug|TwinCAT RT (x64)
		{3FE721B2-1008-48AE-9A0C-879DA403679F}.Debug|TwinCAT RT (x86).ActiveCfg = Debug|TwinCAT RT (x86)
		{3FE721B2-1008-48AE-9A0C-879DA403679F}.Debug|TwinCAT RT (x86).Build.0 = Debug|TwinCAT RT (x86)
		{3FE721B2-1008-48AE-9A0C-879DA403679F}.Release|TwinCAT CE7 (ARMV7).ActiveCfg = Release|TwinCAT CE7 (ARMV7)
		{3FE721B2-1008-48AE-9A0C-879DA403679F}.Release|TwinCAT CE7 (ARMV7).Build.0 = Release|TwinCAT CE7 (ARMV7)
		{3FE721B2-1008-48AE-9A0C-879DA403679F}.Release|TwinCAT OS (ARMT2).ActiveCfg = Release|TwinCAT OS (ARMT2)
		{3FE721B2-1008-48AE-9A0C-879DA403679F}.Release|TwinCAT OS (ARMT2).Build.0 = Release|TwinCAT OS (ARMT2)
		{3FE721B2-1008-48AE-9A0C-879DA403679F}.Release|TwinCAT RT (x64).ActiveCfg = Release|TwinCAT RT (x64)
		{3FE721B2-1008-48AE-9A0C-879DA403679F}.Release|TwinCAT RT (x64).Build.0 = Release|TwinCAT RT (x64)
		{3FE721B2-1008-48AE-9A0C-879DA403679F}.Release|TwinCAT RT (x86).ActiveCfg = Release|TwinCAT RT (x86)
		{3FE721B2-1008-48AE-9A0C-879DA403679F}.Release|TwinCAT RT (x86).Build.0 = Release|TwinCAT RT (x86)
		{6D6105C9-5B50-4ADD-8D6E-2D5FED187E2D}.Debug|TwinCAT CE7 (ARMV7).ActiveCfg = Debug|TwinCAT CE7 (ARMV7)
		{6D6105C9-5B50-4ADD-8D6E-2D5FED187E2D}.Debug|TwinCAT CE7 (ARMV7).Build.0 = Debug|TwinCAT CE7 (ARMV7)
		{6D6105C9-5B50-4ADD-8D6E-2D5FED187E2D}.Debug|TwinCAT OS (ARMT2).ActiveCfg = Debug|TwinCAT OS (ARMT2)
		{6D6105C9-5B50-4ADD-8D6E-2D5FED187E2D}.Debug|TwinCAT OS (ARMT2).Build.0 = Debug|TwinCAT OS (ARMT2)
		{6D6105C9-5B50-4ADD-8D6E-2D5FED187E2D}.Debug|TwinCAT RT (x64).ActiveCfg = Debug|TwinCAT RT (x64)
		{6D6105C9-5B50-4ADD-8D6E-2D5FED187E2D}.Debug|TwinCAT RT (x64).Build.0 = Debug|TwinCAT RT (x64)
		{6D6105C9-5B50-4ADD-8D6E-2D5FED187E2D}.Debug|TwinCAT RT (x86).ActiveCfg = Debug|TwinCAT RT (x86)
		{6D6105C9-5B50-4ADD-8D6E-2D5FED187E2D}.Debug|TwinCAT RT (x86).Build.0 = Debug|TwinCAT RT (x86)
		{6D6105C9-5B50-4ADD-8D6E-2D5FED187E2D}.Release|TwinCAT CE7 (ARMV7).ActiveCfg = Release|TwinCAT CE7 (ARMV7)
		{6D6105C9-5B50-4ADD-8D6E-2D5FED187E2D}.Release|TwinCAT CE7 (ARMV7).Build.0 = Release|TwinCAT CE7 (ARMV7)
		{6D6105C9-5B50-4ADD-8D6E-2D5FED187E2D}.Release|TwinCAT OS (ARMT2).ActiveCfg = Release|TwinCAT OS (ARMT2)
		{6D6105C9-5B50-4ADD-8D6E-2D5FED187E2D}.Release|TwinCAT OS (ARMT2).Build.0 = Release|TwinCAT OS (ARMT2)
		{6D6105C9-5B50-4ADD-8D6E-2D5FED187E2D}.Release|TwinCAT RT (x64).ActiveCfg = Release|TwinCAT RT (x64)
		{6D6105C9-5B50-4ADD-8D6E-2D5FED187E2D}.Release|TwinCAT RT (x64).Build.0 = Release|TwinCAT RT (x64)
		{6D6105C9-5B50-4ADD-8D6E-2D5FED187E2D}.Release|TwinCAT RT (x86).ActiveCfg = Release|TwinCAT RT (x86)
		{6D6105C9-5B50-4ADD-8D6E-2D5FED187E2D}.Release|TwinCAT RT (x86).Build.0 = Release|TwinCAT RT (x86)
	EndGlobalSection
	GlobalSection(SolutionProperties) = preSolution
		HideSolutionNode = FALSE
	EndGlobalSection
	GlobalSection(ExtensibilityGlobals) = postSolution
		SolutionGuid = {EF30C171-A232-4464-95AC-61F813966D6F}
	EndGlobalSection
EndGlobal
